
Microsoft Visual Studio Solution File, Format Version 12.00
# Visual Studio Version 16
VisualStudioVersion = 16.0.29911.84
MinimumVisualStudioVersion = 10.0.40219.1
Project("{FAE04EC0-301F-11D3-BF4B-00C04F79EFBC}") = "Clases", "Clases\Clases.csproj", "{C709914A-5028-4A63-9D51-484F0D890977}"
EndProject
Global
	GlobalSection(SolutionConfigurationPlatforms) = preSolution
		Debug|Any CPU = Debug|Any CPU
		Release|Any CPU = Release|Any CPU
	EndGlobalSection
	GlobalSection(ProjectConfigurationPlatforms) = postSolution
		{C709914A-5028-4A63-9D51-484F0D890977}.Debug|Any CPU.ActiveCfg = Debug|Any CPU
		{C709914A-5028-4A63-9D51-484F0D890977}.Debug|Any CPU.Build.0 = Debug|Any CPU
		{C709914A-5028-4A63-9D51-484F0D890977}.Release|Any CPU.ActiveCfg = Release|Any CPU
		{C709914A-5028-4A63-9D51-484F0D890977}.Release|Any CPU.Build.0 = Release|Any CPU
	EndGlobalSection
	GlobalSection(SolutionProperties) = preSolution
		HideSolutionNode = FALSE
	EndGlobalSection
	GlobalSection(ExtensibilityGlobals) = postSolution
		SolutionGuid = {2C7CB28F-EBF9-496A-8F5C-D250A72BB088}
	EndGlobalSection
EndGlobal
